
Microsoft Visual Studio Solution File, Format Version 12.00
# Visual Studio Version 17
VisualStudioVersion = 17.6.33723.286
MinimumVisualStudioVersion = 10.0.40219.1
Project("{8BC9CEB8-8B4A-11D0-8D11-00A0C91BC942}") = "011_STRLEN", "011_STRLEN.vcxproj", "{70F80B8E-4A3D-4D2F-BBF3-C5FF1165347A}"
EndProject
Global
	GlobalSection(SolutionConfigurationPlatforms) = preSolution
		Debug|x64 = Debug|x64
		Debug|x86 = Debug|x86
		Release|x64 = Release|x64
		Release|x86 = Release|x86
	EndGlobalSection
	GlobalSection(ProjectConfigurationPlatforms) = postSolution
		{70F80B8E-4A3D-4D2F-BBF3-C5FF1165347A}.Debug|x64.ActiveCfg = Debug|x64
		{70F80B8E-4A3D-4D2F-BBF3-C5FF1165347A}.Debug|x64.Build.0 = Debug|x64
		{70F80B8E-4A3D-4D2F-BBF3-C5FF1165347A}.Debug|x86.ActiveCfg = Debug|Win32
		{70F80B8E-4A3D-4D2F-BBF3-C5FF1165347A}.Debug|x86.Build.0 = Debug|Win32
		{70F80B8E-4A3D-4D2F-BBF3-C5FF1165347A}.Release|x64.ActiveCfg = Release|x64
		{70F80B8E-4A3D-4D2F-BBF3-C5FF1165347A}.Release|x64.Build.0 = Release|x64
		{70F80B8E-4A3D-4D2F-BBF3-C5FF1165347A}.Release|x86.ActiveCfg = Release|Win32
		{70F80B8E-4A3D-4D2F-BBF3-C5FF1165347A}.Release|x86.Build.0 = Release|Win32
	EndGlobalSection
	GlobalSection(SolutionProperties) = preSolution
		HideSolutionNode = FALSE
	EndGlobalSection
	GlobalSection(ExtensibilityGlobals) = postSolution
		SolutionGuid = {326E40C2-F05B-4C62-9677-14D2E0EEB88D}
	EndGlobalSection
EndGlobal
